Microsoft Visual Studio Solution File, Format Version 9.00
# Visual Studio 2005
Project("{8BC9CEB8-8B4A-11D0-8D11-00A0C91BC942}") = "freetype", "freetype.vcproj", "{78B079BD-9FC7-4B9E-B4A6-96DA0F00248B}"
EndProject
Global
	GlobalSection(SolutionConfigurationPlatforms) = preSolution
		Debug|PocketPC = Debug|PocketPC
		Release|PocketPC = Release|PocketPC
	EndGlobalSection
	GlobalSection(ProjectConfigurationPlatforms) = postSolution
		{78B079BD-9FC7-4B9E-B4A6-96DA0F00248B}.Debug|PocketPC.ActiveCfg = Debug|Pocket PC 2003 (ARMV4)
		{78B079BD-9FC7-4B9E-B4A6-96DA0F00248B}.Release|PocketPC.ActiveCfg = Release|Pocket PC 2003 (ARMV4)
	EndGlobalSection
	GlobalSection(SolutionProperties) = preSolution
		HideSolutionNode = FALSE
	EndGlobalSection
EndGlobal
